// !$*UTF8*$!
{
	archiveVersion = 1;
	classes = {
	};
	objectVersion = 48;
	objects = {

/* Begin PBXBuildFile section */
		CA02AC6F1FB7E44F0017CE37 /* AppDelegate.swift in Sources */ = {isa = PBXBuildFile; fileRef = CA02AC6E1FB7E44F0017CE37 /* AppDelegate.swift */; };
		CA02AC741FB7E44F0017CE37 /* Main.storyboard in Resources */ = {isa = PBXBuildFile; fileRef = CA02AC721FB7E44F0017CE37 /* Main.storyboard */; };
		CA02AC761FB7E44F0017CE37 /* Assets.xcassets in Resources */ = {isa = PBXBuildFile; fileRef = CA02AC751FB7E44F0017CE37 /* Assets.xcassets */; };
		CA02AC791FB7E44F0017CE37 /* LaunchScreen.storyboard in Resources */ = {isa = PBXBuildFile; fileRef = CA02AC771FB7E44F0017CE37 /* LaunchScreen.storyboard */; };
		CA02AC811FB7EA380017CE37 /* FoldersTableViewController.swift in Sources */ = {isa = PBXBuildFile; fileRef = CA02AC801FB7EA380017CE37 /* FoldersTableViewController.swift */; };
		CA02AC831FB7EA750017CE37 /* FolderCellTableViewCell.swift in Sources */ = {isa = PBXBuildFile; fileRef = CA02AC821FB7EA750017CE37 /* FolderCellTableViewCell.swift */; };
		CA02AC8B1FB8D4950017CE37 /* CollectionViewController.swift in Sources */ = {isa = PBXBuildFile; fileRef = CA02AC8A1FB8D4950017CE37 /* CollectionViewController.swift */; };
		CA02AC8D1FB8EFDE0017CE37 /* MediaCollectionViewCell.swift in Sources */ = {isa = PBXBuildFile; fileRef = CA02AC8C1FB8EFDE0017CE37 /* MediaCollectionViewCell.swift */; };
		CA4322F21FBD0E0B0000970C /* CustomLayout.swift in Sources */ = {isa = PBXBuildFile; fileRef = CA4322F11FBD0E0B0000970C /* CustomLayout.swift */; };
		CA4322F71FBD489F0000970C /* CustomReusableView.swift in Sources */ = {isa = PBXBuildFile; fileRef = CA4322F61FBD489F0000970C /* CustomReusableView.swift */; };
		CA4322F91FBD4A390000970C /* Reusable.xib in Resources */ = {isa = PBXBuildFile; fileRef = CA4322F81FBD4A390000970C /* Reusable.xib */; };
		CA449A0E1FD5EF6000890E1B /* CoreDataStack.swift in Sources */ = {isa = PBXBuildFile; fileRef = CA449A0D1FD5EF6000890E1B /* CoreDataStack.swift */; };
		CA449A111FD5F5ED00890E1B /* Model.xcdatamodeld in Sources */ = {isa = PBXBuildFile; fileRef = CA449A0F1FD5F5ED00890E1B /* Model.xcdatamodeld */; };
		CA449A2D1FD7740100890E1B /* CoreFolder+CoreDataClass.swift in Sources */ = {isa = PBXBuildFile; fileRef = CA449A2B1FD7740100890E1B /* CoreFolder+CoreDataClass.swift */; };
		CA449A2E1FD7740100890E1B /* CoreFolder+CoreDataProperties.swift in Sources */ = {isa = PBXBuildFile; fileRef = CA449A2C1FD7740100890E1B /* CoreFolder+CoreDataProperties.swift */; };
		CA449A301FD9FEF900890E1B /* ImportAlbumsTableViewController.swift in Sources */ = {isa = PBXBuildFile; fileRef = CA449A2F1FD9FEF900890E1B /* ImportAlbumsTableViewController.swift */; };
		CA449A371FDB4A2800890E1B /* CoreMedia+CoreDataClass.swift in Sources */ = {isa = PBXBuildFile; fileRef = CA449A351FDB4A2800890E1B /* CoreMedia+CoreDataClass.swift */; };
		CA449A381FDB4A2800890E1B /* CoreMedia+CoreDataProperties.swift in Sources */ = {isa = PBXBuildFile; fileRef = CA449A361FDB4A2800890E1B /* CoreMedia+CoreDataProperties.swift */; };
		CA6652B91FC39F8100D9F723 /* Constants.swift in Sources */ = {isa = PBXBuildFile; fileRef = CA6652B81FC39F8100D9F723 /* Constants.swift */; };
		CA6652BD1FC5F0AC00D9F723 /* DetailViewController.swift in Sources */ = {isa = PBXBuildFile; fileRef = CA6652BC1FC5F0AB00D9F723 /* DetailViewController.swift */; };
		CA7D76D71FCB763C00640AD2 /* CreateEditFolderViewController.swift in Sources */ = {isa = PBXBuildFile; fileRef = CA7D76D61FCB763C00640AD2 /* CreateEditFolderViewController.swift */; };
/* End PBXBuildFile section */

/* Begin PBXFileReference section */
		CA02AC6B1FB7E44F0017CE37 /* MediaOrganizer.app */ = {isa = PBXFileReference; explicitFileType = wrapper.application; includeInIndex = 0; path = MediaOrganizer.app; sourceTree = BUILT_PRODUCTS_DIR; };
		CA02AC6E1FB7E44F0017CE37 /* AppDelegate.swift */ = {isa = PBXFileReference; lastKnownFileType = sourcecode.swift; path = AppDelegate.swift; sourceTree = "<group>"; };
		CA02AC731FB7E44F0017CE37 /* Base */ = {isa = PBXFileReference; lastKnownFileType = file.storyboard; name = Base; path = Base.lproj/Main.storyboard; sourceTree = "<group>"; };
		CA02AC751FB7E44F0017CE37 /* Assets.xcassets */ = {isa = PBXFileReference; lastKnownFileType = folder.assetcatalog; path = Assets.xcassets; sourceTree = "<group>"; };
		CA02AC781FB7E44F0017CE37 /* Base */ = {isa = PBXFileReference; lastKnownFileType = file.storyboard; name = Base; path = Base.lproj/LaunchScreen.storyboard; sourceTree = "<group>"; };
		CA02AC7A1FB7E44F0017CE37 /* Info.plist */ = {isa = PBXFileReference; lastKnownFileType = text.plist.xml; path = Info.plist; sourceTree = "<group>"; };
		CA02AC801FB7EA380017CE37 /* FoldersTableViewController.swift */ = {isa = PBXFileReference; lastKnownFileType = sourcecode.swift; path = FoldersTableViewController.swift; sourceTree = "<group>"; };
		CA02AC821FB7EA750017CE37 /* FolderCellTableViewCell.swift */ = {isa = PBXFileReference; lastKnownFileType = sourcecode.swift; path = FolderCellTableViewCell.swift; sourceTree = "<group>"; };
		CA02AC8A1FB8D4950017CE37 /* CollectionViewController.swift */ = {isa = PBXFileReference; lastKnownFileType = sourcecode.swift; path = CollectionViewController.swift; sourceTree = "<group>"; };
		CA02AC8C1FB8EFDE0017CE37 /* MediaCollectionViewCell.swift */ = {isa = PBXFileReference; lastKnownFileType = sourcecode.swift; path = MediaCollectionViewCell.swift; sourceTree = "<group>"; };
		CA4322F11FBD0E0B0000970C /* CustomLayout.swift */ = {isa = PBXFileReference; lastKnownFileType = sourcecode.swift; path = CustomLayout.swift; sourceTree = "<group>"; };
		CA4322F61FBD489F0000970C /* CustomReusableView.swift */ = {isa = PBXFileReference; lastKnownFileType = sourcecode.swift; path = CustomReusableView.swift; sourceTree = "<group>"; };
		CA4322F81FBD4A390000970C /* Reusable.xib */ = {isa = PBXFileReference; lastKnownFileType = file.xib; path = Reusable.xib; sourceTree = "<group>"; };
		CA449A0D1FD5EF6000890E1B /* CoreDataStack.swift */ = {isa = PBXFileReference; lastKnownFileType = sourcecode.swift; path = CoreDataStack.swift; sourceTree = "<group>"; };
		CA449A101FD5F5ED00890E1B /* Model.xcdatamodel */ = {isa = PBXFileReference; lastKnownFileType = wrapper.xcdatamodel; path = Model.xcdatamodel; sourceTree = "<group>"; };
		CA449A2B1FD7740100890E1B /* CoreFolder+CoreDataClass.swift */ = {isa = PBXFileReference; lastKnownFileType = sourcecode.swift; path = "CoreFolder+CoreDataClass.swift"; sourceTree = "<group>"; };
		CA449A2C1FD7740100890E1B /* CoreFolder+CoreDataProperties.swift */ = {isa = PBXFileReference; lastKnownFileType = sourcecode.swift; path = "CoreFolder+CoreDataProperties.swift"; sourceTree = "<group>"; };
		CA449A2F1FD9FEF900890E1B /* ImportAlbumsTableViewController.swift */ = {isa = PBXFileReference; lastKnownFileType = sourcecode.swift; path = ImportAlbumsTableViewController.swift; sourceTree = "<group>"; };
		CA449A351FDB4A2800890E1B /* CoreMedia+CoreDataClass.swift */ = {isa = PBXFileReference; lastKnownFileType = sourcecode.swift; path = "CoreMedia+CoreDataClass.swift"; sourceTree = "<group>"; };
		CA449A361FDB4A2800890E1B /* CoreMedia+CoreDataProperties.swift */ = {isa = PBXFileReference; lastKnownFileType = sourcecode.swift; path = "CoreMedia+CoreDataProperties.swift"; sourceTree = "<group>"; };
		CA6652B81FC39F8100D9F723 /* Constants.swift */ = {isa = PBXFileReference; lastKnownFileType = sourcecode.swift; path = Constants.swift; sourceTree = "<group>"; };
		CA6652BC1FC5F0AB00D9F723 /* DetailViewController.swift */ = {isa = PBXFileReference; lastKnownFileType = sourcecode.swift; path = DetailViewController.swift; sourceTree = "<group>"; };
		CA7D76D61FCB763C00640AD2 /* CreateEditFolderViewController.swift */ = {isa = PBXFileReference; lastKnownFileType = sourcecode.swift; path = CreateEditFolderViewController.swift; sourceTree = "<group>"; };
/* End PBXFileReference section */

/* Begin PBXFrameworksBuildPhase section */
		CA02AC681FB7E44F0017CE37 /* Frameworks */ = {
			isa = PBXFrameworksBuildPhase;
			buildActionMask = 2147483647;
			files = (
			);
			runOnlyForDeploymentPostprocessing = 0;
		};
/* End PBXFrameworksBuildPhase section */

/* Begin PBXGroup section */
		CA02AC621FB7E44F0017CE37 = {
			isa = PBXGroup;
			children = (
				CA02AC6D1FB7E44F0017CE37 /* MediaOrganizer */,
				CA02AC6C1FB7E44F0017CE37 /* Products */,
			);
			sourceTree = "<group>";
		};
		CA02AC6C1FB7E44F0017CE37 /* Products */ = {
			isa = PBXGroup;
			children = (
				CA02AC6B1FB7E44F0017CE37 /* MediaOrganizer.app */,
			);
			name = Products;
			sourceTree = "<group>";
		};
		CA02AC6D1FB7E44F0017CE37 /* MediaOrganizer */ = {
			isa = PBXGroup;
			children = (
				CA4322F51FBD48600000970C /* ViewControllers */,
				CA4322F41FBD48370000970C /* Model */,
				CA4322F31FBD48100000970C /* Views */,
				CA4322F01FBD0DE20000970C /* layout */,
				CA02AC6E1FB7E44F0017CE37 /* AppDelegate.swift */,
				CA02AC721FB7E44F0017CE37 /* Main.storyboard */,
				CA02AC751FB7E44F0017CE37 /* Assets.xcassets */,
				CA02AC771FB7E44F0017CE37 /* LaunchScreen.storyboard */,
				CA02AC7A1FB7E44F0017CE37 /* Info.plist */,
				CA4322F81FBD4A390000970C /* Reusable.xib */,
			);
			path = MediaOrganizer;
			sourceTree = "<group>";
		};
		CA4322F01FBD0DE20000970C /* layout */ = {
			isa = PBXGroup;
			children = (
				CA4322F11FBD0E0B0000970C /* CustomLayout.swift */,
			);
			path = layout;
			sourceTree = "<group>";
		};
		CA4322F31FBD48100000970C /* Views */ = {
			isa = PBXGroup;
			children = (
				CA02AC8C1FB8EFDE0017CE37 /* MediaCollectionViewCell.swift */,
				CA02AC821FB7EA750017CE37 /* FolderCellTableViewCell.swift */,
				CA4322F61FBD489F0000970C /* CustomReusableView.swift */,
			);
			path = Views;
			sourceTree = "<group>";
		};
		CA4322F41FBD48370000970C /* Model */ = {
			isa = PBXGroup;
			children = (
				CA449A351FDB4A2800890E1B /* CoreMedia+CoreDataClass.swift */,
				CA449A361FDB4A2800890E1B /* CoreMedia+CoreDataProperties.swift */,
				CA449A2B1FD7740100890E1B /* CoreFolder+CoreDataClass.swift */,
				CA449A2C1FD7740100890E1B /* CoreFolder+CoreDataProperties.swift */,
				CA449A0D1FD5EF6000890E1B /* CoreDataStack.swift */,
				CA6652B81FC39F8100D9F723 /* Constants.swift */,
				CA449A0F1FD5F5ED00890E1B /* Model.xcdatamodeld */,
			);
			path = Model;
			sourceTree = "<group>";
		};
		CA4322F51FBD48600000970C /* ViewControllers */ = {
			isa = PBXGroup;
			children = (
				CA449A2F1FD9FEF900890E1B /* ImportAlbumsTableViewController.swift */,
				CA02AC801FB7EA380017CE37 /* FoldersTableViewController.swift */,
				CA02AC8A1FB8D4950017CE37 /* CollectionViewController.swift */,
				CA6652BC1FC5F0AB00D9F723 /* DetailViewController.swift */,
				CA7D76D61FCB763C00640AD2 /* CreateEditFolderViewController.swift */,
			);
			path = ViewControllers;
			sourceTree = "<group>";
		};
/* End PBXGroup section */

/* Begin PBXNativeTarget section */
		CA02AC6A1FB7E44F0017CE37 /* MediaOrganizer */ = {
			isa = PBXNativeTarget;
			buildConfigurationList = CA02AC7D1FB7E44F0017CE37 /* Build configuration list for PBXNativeTarget "MediaOrganizer" */;
			buildPhases = (
				CA02AC671FB7E44F0017CE37 /* Sources */,
				CA02AC681FB7E44F0017CE37 /* Frameworks */,
				CA02AC691FB7E44F0017CE37 /* Resources */,
			);
			buildRules = (
			);
			dependencies = (
			);
			name = MediaOrganizer;
			productName = MediaOrganizer;
			productReference = CA02AC6B1FB7E44F0017CE37 /* MediaOrganizer.app */;
			productType = "com.apple.product-type.application";
		};
/* End PBXNativeTarget section */

/* Begin PBXProject section */
		CA02AC631FB7E44F0017CE37 /* Project object */ = {
			isa = PBXProject;
			attributes = {
				LastSwiftUpdateCheck = 0900;
				LastUpgradeCheck = 0900;
				ORGANIZATIONNAME = carlosdelamora;
				TargetAttributes = {
					CA02AC6A1FB7E44F0017CE37 = {
						CreatedOnToolsVersion = 9.0.1;
						ProvisioningStyle = Automatic;
					};
				};
			};
			buildConfigurationList = CA02AC661FB7E44F0017CE37 /* Build configuration list for PBXProject "MediaOrganizer" */;
			compatibilityVersion = "Xcode 8.0";
			developmentRegion = en;
			hasScannedForEncodings = 0;
			knownRegions = (
				en,
				Base,
			);
			mainGroup = CA02AC621FB7E44F0017CE37;
			productRefGroup = CA02AC6C1FB7E44F0017CE37 /* Products */;
			projectDirPath = "";
			projectRoot = "";
			targets = (
				CA02AC6A1FB7E44F0017CE37 /* MediaOrganizer */,
			);
		};
/* End PBXProject section */

/* Begin PBXResourcesBuildPhase section */
		CA02AC691FB7E44F0017CE37 /* Resources */ = {
			isa = PBXResourcesBuildPhase;
			buildActionMask = 2147483647;
			files = (
				CA4322F91FBD4A390000970C /* Reusable.xib in Resources */,
				CA02AC791FB7E44F0017CE37 /* LaunchScreen.storyboard in Resources */,
				CA02AC761FB7E44F0017CE37 /* Assets.xcassets in Resources */,
				CA02AC741FB7E44F0017CE37 /* Main.storyboard in Resources */,
			);
			runOnlyForDeploymentPostprocessing = 0;
		};
/* End PBXResourcesBuildPhase section */

/* Begin PBXSourcesBuildPhase section */
		CA02AC671FB7E44F0017CE37 /* Sources */ = {
			isa = PBXSourcesBuildPhase;
			buildActionMask = 2147483647;
			files = (
				CA449A301FD9FEF900890E1B /* ImportAlbumsTableViewController.swift in Sources */,
				CA7D76D71FCB763C00640AD2 /* CreateEditFolderViewController.swift in Sources */,
				CA02AC831FB7EA750017CE37 /* FolderCellTableViewCell.swift in Sources */,
				CA4322F21FBD0E0B0000970C /* CustomLayout.swift in Sources */,
				CA449A111FD5F5ED00890E1B /* Model.xcdatamodeld in Sources */,
				CA449A371FDB4A2800890E1B /* CoreMedia+CoreDataClass.swift in Sources */,
				CA449A381FDB4A2800890E1B /* CoreMedia+CoreDataProperties.swift in Sources */,
				CA449A2E1FD7740100890E1B /* CoreFolder+CoreDataProperties.swift in Sources */,
				CA02AC8D1FB8EFDE0017CE37 /* MediaCollectionViewCell.swift in Sources */,
				CA02AC811FB7EA380017CE37 /* FoldersTableViewController.swift in Sources */,
				CA6652BD1FC5F0AC00D9F723 /* DetailViewController.swift in Sources */,
				CA449A0E1FD5EF6000890E1B /* CoreDataStack.swift in Sources */,
				CA4322F71FBD489F0000970C /* CustomReusableView.swift in Sources */,
				CA449A2D1FD7740100890E1B /* CoreFolder+CoreDataClass.swift in Sources */,
				CA6652B91FC39F8100D9F723 /* Constants.swift in Sources */,
				CA02AC6F1FB7E44F0017CE37 /* AppDelegate.swift in Sources */,
				CA02AC8B1FB8D4950017CE37 /* CollectionViewController.swift in Sources */,
			);
			runOnlyForDeploymentPostprocessing = 0;
		};
/* End PBXSourcesBuildPhase section */

/* Begin PBXVariantGroup section */
		CA02AC721FB7E44F0017CE37 /* Main.storyboard */ = {
			isa = PBXVariantGroup;
			children = (
				CA02AC731FB7E44F0017CE37 /* Base */,
			);
			name = Main.storyboard;
			sourceTree = "<group>";
		};
		CA02AC771FB7E44F0017CE37 /* LaunchScreen.storyboard */ = {
			isa = PBXVariantGroup;
			children = (
				CA02AC781FB7E44F0017CE37 /* Base */,
			);
			name = LaunchScreen.storyboard;
			sourceTree = "<group>";
		};
/* End PBXVariantGroup section */

/* Begin XCBuildConfiguration section */
		CA02AC7B1FB7E44F0017CE37 /* Debug */ = {
			isa = XCBuildConfiguration;
			buildSettings = {
				ALWAYS_SEARCH_USER_PATHS = NO;
				CLANG_ANALYZER_NONNULL = YES;
				CLANG_ANALYZER_NUMBER_OBJECT_CONVERSION = YES_AGGRESSIVE;
				CLANG_CXX_LANGUAGE_STANDARD = "gnu++14";
				CLANG_CXX_LIBRARY = "libc++";
				CLANG_ENABLE_MODULES = YES;
				CLANG_ENABLE_OBJC_ARC = YES;
				CLANG_WARN_BLOCK_CAPTURE_AUTORELEASING = YES;
				CLANG_WARN_BOOL_CONVERSION = YES;
				CLANG_WARN_COMMA = YES;
				CLANG_WARN_CONSTANT_CONVERSION = YES;
				CLANG_WARN_DIRECT_OBJC_ISA_USAGE = YES_ERROR;
				CLANG_WARN_DOCUMENTATION_COMMENTS = YES;
				CLANG_WARN_EMPTY_BODY = YES;
				CLANG_WARN_ENUM_CONVERSION = YES;
				CLANG_WARN_INFINITE_RECURSION = YES;
				CLANG_WARN_INT_CONVERSION = YES;
				CLANG_WARN_NON_LITERAL_NULL_CONVERSION = YES;
				CLANG_WARN_OBJC_LITERAL_CONVERSION = YES;
				CLANG_WARN_OBJC_ROOT_CLASS = YES_ERROR;
				CLANG_WARN_RANGE_LOOP_ANALYSIS = YES;
				CLANG_WARN_STRICT_PROTOTYPES = YES;
				CLANG_WARN_SUSPICIOUS_MOVE = YES;
				CLANG_WARN_UNGUARDED_AVAILABILITY = YES_AGGRESSIVE;
				CLANG_WARN_UNREACHABLE_CODE = YES;
				CLANG_WARN__DUPLICATE_METHOD_MATCH = YES;
				CODE_SIGN_IDENTITY = "iPhone Developer";
				COPY_PHASE_STRIP = NO;
				DEBUG_INFORMATION_FORMAT = dwarf;
				ENABLE_STRICT_OBJC_MSGSEND = YES;
				ENABLE_TESTABILITY = YES;
				GCC_C_LANGUAGE_STANDARD = gnu11;
				GCC_DYNAMIC_NO_PIC = NO;
				GCC_NO_COMMON_BLOCKS = YES;
				GCC_OPTIMIZATION_LEVEL = 0;
				GCC_PREPROCESSOR_DEFINITIONS = (
					"DEBUG=1",
					"$(inherited)",
				);
				GCC_WARN_64_TO_32_BIT_CONVERSION = YES;
				GCC_WARN_ABOUT_RETURN_TYPE = YES_ERROR;
				GCC_WARN_UNDECLARED_SELECTOR = YES;
				GCC_WARN_UNINITIALIZED_AUTOS = YES_AGGRESSIVE;
				GCC_WARN_UNUSED_FUNCTION = YES;
				GCC_WARN_UNUSED_VARIABLE = YES;
				IPHONEOS_DEPLOYMENT_TARGET = 11.0;
				MTL_ENABLE_DEBUG_INFO = YES;
				ONLY_ACTIVE_ARCH = YES;
				SDKROOT = iphoneos;
				SWIFT_ACTIVE_COMPILATION_CONDITIONS = DEBUG;
				SWIFT_OPTIMIZATION_LEVEL = "-Onone";
			};
			name = Debug;
		};
		CA02AC7C1FB7E44F0017CE37 /* Release */ = {
			isa = XCBuildConfiguration;
			buildSettings = {
				ALWAYS_SEARCH_USER_PATHS = NO;
				CLANG_ANALYZER_NONNULL = YES;
				CLANG_ANALYZER_NUMBER_OBJECT_CONVERSION = YES_AGGRESSIVE;
				CLANG_CXX_LANGUAGE_STANDARD = "gnu++14";
				CLANG_CXX_LIBRARY = "libc++";
				CLANG_ENABLE_MODULES = YES;
				CLANG_ENABLE_OBJC_ARC = YES;
				CLANG_WARN_BLOCK_CAPTURE_AUTORELEASING = YES;
				CLANG_WARN_BOOL_CONVERSION = YES;
				CLANG_WARN_COMMA = YES;
				CLANG_WARN_CONSTANT_CONVERSION = YES;
				CLANG_WARN_DIRECT_OBJC_ISA_USAGE = YES_ERROR;
				CLANG_WARN_DOCUMENTATION_COMMENTS = YES;
				CLANG_WARN_EMPTY_BODY = YES;
				CLANG_WARN_ENUM_CONVERSION = YES;
				CLANG_WARN_INFINITE_RECURSION = YES;
				CLANG_WARN_INT_CONVERSION = YES;
				CLANG_WARN_NON_LITERAL_NULL_CONVERSION = YES;
				CLANG_WARN_OBJC_LITERAL_CONVERSION = YES;
				CLANG_WARN_OBJC_ROOT_CLASS = YES_ERROR;
				CLANG_WARN_RANGE_LOOP_ANALYSIS = YES;
				CLANG_WARN_STRICT_PROTOTYPES = YES;
				CLANG_WARN_SUSPICIOUS_MOVE = YES;
				CLANG_WARN_UNGUARDED_AVAILABILITY = YES_AGGRESSIVE;
				CLANG_WARN_UNREACHABLE_CODE = YES;
				CLANG_WARN__DUPLICATE_METHOD_MATCH = YES;
				CODE_SIGN_IDENTITY = "iPhone Developer";
				COPY_PHASE_STRIP = NO;
				DEBUG_INFORMATION_FORMAT = "dwarf-with-dsym";
				ENABLE_NS_ASSERTIONS = NO;
				ENABLE_STRICT_OBJC_MSGSEND = YES;
				GCC_C_LANGUAGE_STANDARD = gnu11;
				GCC_NO_COMMON_BLOCKS = YES;
				GCC_WARN_64_TO_32_BIT_CONVERSION = YES;
				GCC_WARN_ABOUT_RETURN_TYPE = YES_ERROR;
				GCC_WARN_UNDECLARED_SELECTOR = YES;
				GCC_WARN_UNINITIALIZED_AUTOS = YES_AGGRESSIVE;
				GCC_WARN_UNUSED_FUNCTION = YES;
				GCC_WARN_UNUSED_VARIABLE = YES;
				IPHONEOS_DEPLOYMENT_TARGET = 11.0;
				MTL_ENABLE_DEBUG_INFO = NO;
				SDKROOT = iphoneos;
				SWIFT_OPTIMIZATION_LEVEL = "-Owholemodule";
				VALIDATE_PRODUCT = YES;
			};
			name = Release;
		};
		CA02AC7E1FB7E44F0017CE37 /* Debug */ = {
			isa = XCBuildConfiguration;
			buildSettings = {
				ASSETCATALOG_COMPILER_APPICON_NAME = AppIcon;
				CODE_SIGN_STYLE = Automatic;
				DEVELOPMENT_TEAM = 5PRK9NET39;
				INFOPLIST_FILE = MediaOrganizer/Info.plist;
				IPHONEOS_DEPLOYMENT_TARGET = 10.1;
				LD_RUNPATH_SEARCH_PATHS = "$(inherited) @executable_path/Frameworks";
				PRODUCT_BUNDLE_IDENTIFIER = com.carlosDelaMora.MediaOrganizer;
				PRODUCT_NAME = "$(TARGET_NAME)";
				SWIFT_VERSION = 4.0;
				TARGETED_DEVICE_FAMILY = "1,2";
			};
			name = Debug;
		};
		CA02AC7F1FB7E44F0017CE37 /* Release */ = {
			isa = XCBuildConfiguration;
			buildSettings = {
				ASSETCATALOG_COMPILER_APPICON_NAME = AppIcon;
				CODE_SIGN_STYLE = Automatic;
				DEVELOPMENT_TEAM = 5PRK9NET39;
				INFOPLIST_FILE = MediaOrganizer/Info.plist;
				IPHONEOS_DEPLOYMENT_TARGET = 10.1;
				LD_RUNPATH_SEARCH_PATHS = "$(inherited) @executable_path/Frameworks";
				PRODUCT_BUNDLE_IDENTIFIER = com.carlosDelaMora.MediaOrganizer;
				PRODUCT_NAME = "$(TARGET_NAME)";
				SWIFT_VERSION = 4.0;
				TARGETED_DEVICE_FAMILY = "1,2";
			};
			name = Release;
		};
/* End XCBuildConfiguration section */

/* Begin XCConfigurationList section */
		CA02AC661FB7E44F0017CE37 /* Build configuration list for PBXProject "MediaOrganizer" */ = {
			isa = XCConfigurationList;
			buildConfigurations = (
				CA02AC7B1FB7E44F0017CE37 /* Debug */,
				CA02AC7C1FB7E44F0017CE37 /* Release */,
			);
			defaultConfigurationIsVisible = 0;
			defaultConfigurationName = Release;
		};
		CA02AC7D1FB7E44F0017CE37 /* Build configuration list for PBXNativeTarget "MediaOrganizer" */ = {
			isa = XCConfigurationList;
			buildConfigurations = (
				CA02AC7E1FB7E44F0017CE37 /* Debug */,
				CA02AC7F1FB7E44F0017CE37 /* Release */,
			);
			defaultConfigurationIsVisible = 0;
			defaultConfigurationName = Release;
		};
/* End XCConfigurationList section */

/* Begin XCVersionGroup section */
		CA449A0F1FD5F5ED00890E1B /* Model.xcdatamodeld */ = {
			isa = XCVersionGroup;
			children = (
				CA449A101FD5F5ED00890E1B /* Model.xcdatamodel */,
			);
			currentVersion = CA449A101FD5F5ED00890E1B /* Model.xcdatamodel */;
			path = Model.xcdatamodeld;
			sourceTree = "<group>";
			versionGroupType = wrapper.xcdatamodel;
		};
/* End XCVersionGroup section */
	};
	rootObject = CA02AC631FB7E44F0017CE37 /* Project object */;
}
